<?xml version="1.0" encoding="utf-8"?>
<Project ToolsVersion="4.0" xmlns="http://schemas.microsoft.com/developer/msbuild/2003">
  <ItemGroup>
    <Filter Include="Source Files">
      <UniqueIdentifier>{4FC737F1-C7A5-4376-A066-2A32D752A2FF}</UniqueIdentifier>
      <Extensions>cpp;c;cc;cxx;c++;cppm;ixx;def;odl;idl;hpj;bat;asm;asmx</Extensions>
    </Filter>
    <Filter Include="Header Files">
      <UniqueIdentifier>{93995380-89BD-4b04-88EB-625FBE52EBFB}</UniqueIdentifier>
      <Extensions>h;hh;hpp;hxx;h++;hm;inl;inc;ipp;xsd</Extensions>
    </Filter>
    <Filter Include="Resource Files">
      <UniqueIdentifier>{67DA6AB6-F800-4c08-8B7A-83BB121AAD01}</UniqueIdentifier>
      <Extensions>rc;ico;cur;bmp;dlg;rc2;rct;bin;rgs;gif;jpg;jpeg;jpe;resx;tiff;tif;png;wav;mfcribbon-ms</Extensions>
    </Filter>
    <Filter Include="Solution Files">
      <UniqueIdentifier>{ca1751a9-fb7f-4ab1-8ad4-e59dfc0ad5e3}</UniqueIdentifier>
    </Filter>
    <Filter Include="Solution Files\shaders">
      <UniqueIdentifier>{4647eb15-6100-4cb7-bc44-025e20952990}</UniqueIdentifier>
    </Filter>
    <Filter Include="Solution Files\models">
      <UniqueIdentifier>{73806d73-a8f2-4876-b33f-b68c33ab4630}</UniqueIdentifier>
    </Filter>
    <Filter Include="Solution Files\textures">
      <UniqueIdentifier>{13d53962-7edb-4d99-9ce2-a58e75a92c15}</UniqueIdentifier>
    </Filter>
  </ItemGroup>
  <ItemGroup>
    <None Include=".clang-format">
      <Filter>Solution Files</Filter>
    </None>
    <None Include=".gitignore">
      <Filter>Solution Files</Filter>
    </None>
    <None Include="LICENSE">
      <Filter>Solution Files</Filter>
    </None>
    <None Include="README.md">
      <Filter>Solution Files</Filter>
    </None>
    <None Include="models\polar_bear_body.dae">
      <Filter>Solution Files\models</Filter>
    </None>
    <None Include="models\polar_bear_bottom_left_leg.dae">
      <Filter>Solution Files\models</Filter>
    </None>
    <None Include="models\polar_bear_bottom_right_leg.dae">
      <Filter>Solution Files\models</Filter>
    </None>
    <None Include="models\polar_bear_front_left_leg.dae">
      <Filter>Solution Files\models</Filter>
    </None>
    <None Include="models\polar_bear_front_right_leg.dae">
      <Filter>Solution Files\models</Filter>
    </None>
    <None Include="models\floor.dae">
      <Filter>Solution Files\models</Filter>
    </None>
  </ItemGroup>
  <ItemGroup>
    <ClCompile Include="src\main.cpp">
      <Filter>Source Files</Filter>
    </ClCompile>
    <ClCompile Include="src\camera.cpp">
      <Filter>Source Files</Filter>
    </ClCompile>
    <ClCompile Include="src\vertex_buffer_object.cpp">
      <Filter>Source Files</Filter>
    </ClCompile>
    <ClCompile Include="src\vertex_array_object.cpp">
      <Filter>Source Files</Filter>
    </ClCompile>
    <ClCompile Include="src\vertex_buffer_layout.cpp">
      <Filter>Source Files</Filter>
    </ClCompile>
    <ClCompile Include="src\shader.cpp">
      <Filter>Source Files</Filter>
    </ClCompile>
    <ClCompile Include="src\renderer.cpp">
      <Filter>Source Files</Filter>
    </ClCompile>
    <ClCompile Include="src\mesh.cpp">
      <Filter>Source Files</Filter>
    </ClCompile>
    <ClCompile Include="src\polar_bear.cpp">
      <Filter>Source Files</Filter>
    </ClCompile>
    <ClCompile Include="src\element_buffer_object.cpp">
      <Filter>Source Files</Filter>
    </ClCompile>
    <ClCompile Include="src\model.cpp">
      <Filter>Source Files</Filter>
    </ClCompile>
  </ItemGroup>
  <ItemGroup>
    <Text Include="shaders\simpleFragmentShader.txt">
      <Filter>Solution Files\shaders</Filter>
    </Text>
    <Text Include="shaders\simpleVertexShader.txt">
      <Filter>Solution Files\shaders</Filter>
    </Text>
  </ItemGroup>
  <ItemGroup>
    <ClInclude Include="src\camera.h">
      <Filter>Header Files</Filter>
    </ClInclude>
    <ClInclude Include="src\vertex_buffer_object.h">
      <Filter>Header Files</Filter>
    </ClInclude>
    <ClInclude Include="src\vertex_array_object.h">
      <Filter>Header Files</Filter>
    </ClInclude>
    <ClInclude Include="src\vertex_buffer_layout.h">
      <Filter>Header Files</Filter>
    </ClInclude>
    <ClInclude Include="src\shader.h">
      <Filter>Header Files</Filter>
    </ClInclude>
    <ClInclude Include="src\renderer.h">
      <Filter>Header Files</Filter>
    </ClInclude>
    <ClInclude Include="src\mesh.h">
      <Filter>Header Files</Filter>
    </ClInclude>
    <ClInclude Include="src\polar_bear.h">
      <Filter>Header Files</Filter>
    </ClInclude>
    <ClInclude Include="src\element_buffer_object.h">
      <Filter>Header Files</Filter>
    </ClInclude>
    <ClInclude Include="src\model.h">
      <Filter>Header Files</Filter>
    </ClInclude>
  </ItemGroup>
  <ItemGroup>
    <Image Include="textures\PM3D_LeftEyePM3D_Sphere3D1-TM_u0_v0.png">
      <Filter>Solution Files\textures</Filter>
    </Image>
    <Image Include="textures\PM3D_Right_EyePM3D_Sphere3D2-TM_u0_v0.png">
      <Filter>Solution Files\textures</Filter>
    </Image>
    <Image Include="textures\WaxDynaMesh129_001_TXTR.png">
      <Filter>Solution Files\textures</Filter>
    </Image>
    <Image Include="textures\WaxDynaMesh129_001-AO_u0_v0.jpg">
      <Filter>Solution Files\textures</Filter>
    </Image>
    <Image Include="textures\WaxDynaMesh129_001-CV_u0_v0.jpg">
      <Filter>Solution Files\textures</Filter>
    </Image>
    <Image Include="textures\WaxDynaMesh129_001-DM(0.020153)4096_u0_v0.jpg">
      <Filter>Solution Files\textures</Filter>
    </Image>
  </ItemGroup>
</Project>