<?xml version="1.0" encoding="utf-8"?>
<Project ToolsVersion="4.0" xmlns="http://schemas.microsoft.com/developer/msbuild/2003">
  <ItemGroup>
    <Filter Include="Source Files">
      <UniqueIdentifier>{4FC737F1-C7A5-4376-A066-2A32D752A2FF}</UniqueIdentifier>
      <Extensions>cpp;c;cc;cxx;c++;cppm;ixx;def;odl;idl;hpj;bat;asm;asmx</Extensions>
    </Filter>
    <Filter Include="Header Files">
      <UniqueIdentifier>{93995380-89BD-4b04-88EB-625FBE52EBFB}</UniqueIdentifier>
      <Extensions>h;hh;hpp;hxx;h++;hm;inl;inc;ipp;xsd</Extensions>
    </Filter>
    <Filter Include="Resource Files">
      <UniqueIdentifier>{67DA6AB6-F800-4c08-8B7A-83BB121AAD01}</UniqueIdentifier>
      <Extensions>rc;ico;cur;bmp;dlg;rc2;rct;bin;rgs;gif;jpg;jpeg;jpe;resx;tiff;tif;png;wav;mfcribbon-ms</Extensions>
    </Filter>
    <Filter Include="Solution Files">
      <UniqueIdentifier>{ca1751a9-fb7f-4ab1-8ad4-e59dfc0ad5e3}</UniqueIdentifier>
    </Filter>
    <Filter Include="Solution Files\shaders">
      <UniqueIdentifier>{4647eb15-6100-4cb7-bc44-025e20952990}</UniqueIdentifier>
    </Filter>
    <Filter Include="Solution Files\models">
      <UniqueIdentifier>{73806d73-a8f2-4876-b33f-b68c33ab4630}</UniqueIdentifier>
    </Filter>
    <Filter Include="Solution Files\models\polar_bear">
      <UniqueIdentifier>{9344b0e7-221d-4e58-b9d4-cd3bccd01e97}</UniqueIdentifier>
    </Filter>
    <Filter Include="Solution Files\models\rabbit">
      <UniqueIdentifier>{78065264-439a-4121-9a0c-52ce1ba6cbe0}</UniqueIdentifier>
    </Filter>
    <Filter Include="Solution Files\models\monkey_head">
      <UniqueIdentifier>{0658ae32-9b0e-4437-b8f9-4e8d4fc5a79c}</UniqueIdentifier>
    </Filter>
    <Filter Include="Solution Files\campfire">
      <UniqueIdentifier>{4e9fdd48-b527-49f8-ad8c-e62b79db0cc0}</UniqueIdentifier>
    </Filter>
  </ItemGroup>
  <ItemGroup>
    <None Include=".clang-format">
      <Filter>Solution Files</Filter>
    </None>
    <None Include=".gitignore">
      <Filter>Solution Files</Filter>
    </None>
    <None Include="LICENSE">
      <Filter>Solution Files</Filter>
    </None>
    <None Include="README.md">
      <Filter>Solution Files</Filter>
    </None>
    <None Include="models\polar_bear\PB_WALK_IDLE_POUND.fbx">
      <Filter>Solution Files\models\polar_bear</Filter>
    </None>
    <None Include="shaders\model_shader.fs">
      <Filter>Solution Files\shaders</Filter>
    </None>
    <None Include="shaders\model_shader.vs">
      <Filter>Solution Files\shaders</Filter>
    </None>
    <None Include="shaders\animated_model_shader.vs">
      <Filter>Solution Files\shaders</Filter>
    </None>
    <None Include="models\polar_bear\body.fbx">
      <Filter>Solution Files\models\polar_bear</Filter>
    </None>
    <None Include="shaders\simple_shader.fs">
      <Filter>Solution Files\shaders</Filter>
    </None>
    <None Include="models\rabbit\body.fbx">
      <Filter>Solution Files\models\rabbit</Filter>
    </None>
    <None Include="models\rabbit\Rabbit.FBX">
      <Filter>Solution Files\models\rabbit</Filter>
    </None>
    <None Include="models\monkey_head\body.fbx">
      <Filter>Solution Files\models\monkey_head</Filter>
    </None>
    <None Include="shaders\lighting_shader.vs">
      <Filter>Solution Files\shaders</Filter>
    </None>
    <None Include="shaders\lighting_shader.fs">
      <Filter>Solution Files\shaders</Filter>
    </None>
    <None Include="models\campfire\body.fbx">
      <Filter>Solution Files\campfire</Filter>
    </None>
    <None Include="models\campfire\Campfire_01.fbx">
      <Filter>Solution Files\campfire</Filter>
    </None>
  </ItemGroup>
  <ItemGroup>
    <ClCompile Include="src\main.cpp">
      <Filter>Source Files</Filter>
    </ClCompile>
    <ClCompile Include="src\camera.cpp">
      <Filter>Source Files</Filter>
    </ClCompile>
    <ClCompile Include="src\vertex_buffer_object.cpp">
      <Filter>Source Files</Filter>
    </ClCompile>
    <ClCompile Include="src\vertex_array_object.cpp">
      <Filter>Source Files</Filter>
    </ClCompile>
    <ClCompile Include="src\vertex_buffer_layout.cpp">
      <Filter>Source Files</Filter>
    </ClCompile>
    <ClCompile Include="src\shader.cpp">
      <Filter>Source Files</Filter>
    </ClCompile>
    <ClCompile Include="src\renderer.cpp">
      <Filter>Source Files</Filter>
    </ClCompile>
    <ClCompile Include="src\mesh.cpp">
      <Filter>Source Files</Filter>
    </ClCompile>
    <ClCompile Include="src\element_buffer_object.cpp">
      <Filter>Source Files</Filter>
    </ClCompile>
    <ClCompile Include="src\texture.cpp">
      <Filter>Source Files</Filter>
    </ClCompile>
    <ClCompile Include="src\stb_image.cpp">
      <Filter>Source Files</Filter>
    </ClCompile>
    <ClCompile Include="src\model.cpp">
      <Filter>Source Files</Filter>
    </ClCompile>
    <ClCompile Include="src\assimp_utils.cpp">
      <Filter>Source Files</Filter>
    </ClCompile>
    <ClCompile Include="src\animated_model.cpp">
      <Filter>Source Files</Filter>
    </ClCompile>
    <ClCompile Include="src\player.cpp">
      <Filter>Source Files</Filter>
    </ClCompile>
    <ClCompile Include="src\application.cpp">
      <Filter>Source Files</Filter>
    </ClCompile>
  </ItemGroup>
  <ItemGroup>
    <ClInclude Include="src\camera.h">
      <Filter>Header Files</Filter>
    </ClInclude>
    <ClInclude Include="src\vertex_buffer_object.h">
      <Filter>Header Files</Filter>
    </ClInclude>
    <ClInclude Include="src\vertex_array_object.h">
      <Filter>Header Files</Filter>
    </ClInclude>
    <ClInclude Include="src\vertex_buffer_layout.h">
      <Filter>Header Files</Filter>
    </ClInclude>
    <ClInclude Include="src\shader.h">
      <Filter>Header Files</Filter>
    </ClInclude>
    <ClInclude Include="src\renderer.h">
      <Filter>Header Files</Filter>
    </ClInclude>
    <ClInclude Include="src\mesh.h">
      <Filter>Header Files</Filter>
    </ClInclude>
    <ClInclude Include="src\element_buffer_object.h">
      <Filter>Header Files</Filter>
    </ClInclude>
    <ClInclude Include="src\texture.h">
      <Filter>Header Files</Filter>
    </ClInclude>
    <ClInclude Include="src\model.h">
      <Filter>Header Files</Filter>
    </ClInclude>
    <ClInclude Include="src\assimp_utils.h">
      <Filter>Header Files</Filter>
    </ClInclude>
    <ClInclude Include="src\player.h">
      <Filter>Header Files</Filter>
    </ClInclude>
    <ClInclude Include="src\animated_model.h">
      <Filter>Header Files</Filter>
    </ClInclude>
    <ClInclude Include="src\application.h">
      <Filter>Header Files</Filter>
    </ClInclude>
  </ItemGroup>
  <ItemGroup>
    <Image Include="models\polar_bear\PM3D_LeftEyePM3D_Sphere3D1-TM_u0_v0.png">
      <Filter>Solution Files\models\polar_bear</Filter>
    </Image>
    <Image Include="models\polar_bear\PM3D_Right_EyePM3D_Sphere3D2-TM_u0_v0.png">
      <Filter>Solution Files\models\polar_bear</Filter>
    </Image>
    <Image Include="models\polar_bear\WaxDynaMesh129_001_TXTR.png">
      <Filter>Solution Files\models\polar_bear</Filter>
    </Image>
    <Image Include="models\polar_bear\WaxDynaMesh129_001-AO_u0_v0.jpg">
      <Filter>Solution Files\models\polar_bear</Filter>
    </Image>
    <Image Include="models\polar_bear\WaxDynaMesh129_001-CV_u0_v0.jpg">
      <Filter>Solution Files\models\polar_bear</Filter>
    </Image>
    <Image Include="models\polar_bear\WaxDynaMesh129_001-DM(0.020153)4096_u0_v0.jpg">
      <Filter>Solution Files\models\polar_bear</Filter>
    </Image>
    <Image Include="models\rabbit\Main.png">
      <Filter>Solution Files\models\rabbit</Filter>
    </Image>
    <Image Include="models\white.png">
      <Filter>Solution Files\models</Filter>
    </Image>
  </ItemGroup>
</Project>